
Microsoft Visual Studio Solution File, Format Version 12.00
# Visual Studio Version 16
VisualStudioVersion = 16.0.33529.622
MinimumVisualStudioVersion = 10.0.40219.1
Project("{FAE04EC0-301F-11D3-BF4B-00C04F79EFBC}") = "BackendNet5WebAPI", "BackendNet5WebAPI\BackendNet5WebAPI.csproj", "{F598DEAC-2909-490B-B987-85DFDE506061}"
EndProject
Global
	GlobalSection(SolutionConfigurationPlatforms) = preSolution
		Debug|Any CPU = Debug|Any CPU
		Release|Any CPU = Release|Any CPU
	EndGlobalSection
	GlobalSection(ProjectConfigurationPlatforms) = postSolution
		{F598DEAC-2909-490B-B987-85DFDE506061}.Debug|Any CPU.ActiveCfg = Debug|Any CPU
		{F598DEAC-2909-490B-B987-85DFDE506061}.Debug|Any CPU.Build.0 = Debug|Any CPU
		{F598DEAC-2909-490B-B987-85DFDE506061}.Release|Any CPU.ActiveCfg = Release|Any CPU
		{F598DEAC-2909-490B-B987-85DFDE506061}.Release|Any CPU.Build.0 = Release|Any CPU
	EndGlobalSection
	GlobalSection(SolutionProperties) = preSolution
		HideSolutionNode = FALSE
	EndGlobalSection
	GlobalSection(ExtensibilityGlobals) = postSolution
		SolutionGuid = {817A9EAE-121D-43A7-B6EE-24EC250AB426}
	EndGlobalSection
EndGlobal
